<?xml version="1.0" encoding="utf-8"?>
<Project ToolsVersion="4.0" xmlns="http://schemas.microsoft.com/developer/msbuild/2003">
  <ItemGroup>
    <ClCompile Include="..\Classes\AppDelegate.cpp" />
    <ClCompile Include="..\Classes\MiniBoss01.cpp" />
    <ClCompile Include="..\Classes\Model.cpp" />
    <ClCompile Include="..\Classes\Objects.cpp" />
    <ClCompile Include="..\Classes\OptionsLayer.cpp" />
    <ClCompile Include="..\Classes\Player.cpp" />
    <ClCompile Include="..\Classes\ResourceManager.cpp" />
    <ClCompile Include="..\Classes\ResultScene.cpp" />
    <ClCompile Include="..\Classes\Slash.cpp" />
    <ClCompile Include="..\Classes\Update.cpp" />
    <ClCompile Include="..\Classes\Villager.cpp" />
    <ClCompile Include="main.cpp" />
    <ClCompile Include="..\Classes\Sound.cpp" />
    <ClCompile Include="..\Classes\HealthBarLayer.cpp">
      <Filter>Layer</Filter>
    </ClCompile>
    <ClCompile Include="..\Classes\HUDLayer.cpp">
      <Filter>Layer</Filter>
    </ClCompile>
    <ClCompile Include="..\Classes\LoadMapScene.cpp">
      <Filter>Scene</Filter>
    </ClCompile>
    <ClCompile Include="..\Classes\MainMenu.cpp">
      <Filter>Scene</Filter>
    </ClCompile>
    <ClCompile Include="..\Classes\MiniMapLayer.cpp">
      <Filter>Scene</Filter>
    </ClCompile>
    <ClCompile Include="..\Classes\SneakyJoystickSkinnedBase.cpp">
      <Filter>Layer</Filter>
    </ClCompile>
    <ClCompile Include="..\Classes\SneakyJoystick.cpp">
      <Filter>Layer</Filter>
    </ClCompile>
  </ItemGroup>
  <ItemGroup>
    <ClCompile Include="main.cpp">
      <Filter>win32</Filter>
    </ClCompile>
    <ClCompile Include="..\Classes\AppDelegate.cpp">
      <Filter>src</Filter>
    </ClCompile>
    <ClCompile Include="..\Classes\ResourceManager.cpp">
      <Filter>src</Filter>
    </ClCompile>
    <ClCompile Include="..\Classes\LoadMapScene.cpp">
      <Filter>src\Scene</Filter>
    </ClCompile>
    <ClCompile Include="..\Classes\HUDLayer.cpp">
      <Filter>src\Layer</Filter>
    </ClCompile>
    <ClCompile Include="..\Classes\Model.cpp">
      <Filter>src\Classes</Filter>
    </ClCompile>
    <ClCompile Include="..\Classes\MiniBoss01.cpp">
      <Filter>src\Object</Filter>
    </ClCompile>
    <ClCompile Include="..\Classes\Villager.cpp">
      <Filter>src\Object</Filter>
    </ClCompile>
    <ClCompile Include="..\Classes\MainMenu.cpp">
      <Filter>src\Scene</Filter>
    </ClCompile>
    <ClCompile Include="..\Classes\OptionsLayer.cpp">
      <Filter>src\Layer</Filter>
    </ClCompile>
    <ClCompile Include="..\Classes\HealthBarLayer.cpp">
      <Filter>src\Layer</Filter>
    </ClCompile>
    <ClCompile Include="..\Classes\Objects.cpp">
      <Filter>src\Object</Filter>
    </ClCompile>
    <ClCompile Include="..\Classes\Player.cpp">
      <Filter>src\Object</Filter>
    </ClCompile>
    <ClCompile Include="..\Classes\SneakyJoystick.cpp">
      <Filter>src\Sneaky</Filter>
    </ClCompile>
    <ClCompile Include="..\Classes\SneakyJoystickSkinnedBase.cpp">
      <Filter>src\Sneaky</Filter>
    </ClCompile>
    <ClCompile Include="..\Classes\Objects.cpp">
      <Filter>src\Object</Filter>
    </ClCompile>
    <ClCompile Include="..\Classes\Player.cpp">
      <Filter>src\Object</Filter>
    </ClCompile>
    <ClCompile Include="..\Classes\Update.cpp">
      <Filter>src\Classes</Filter>
    </ClCompile>
    <ClCompile Include="..\Classes\Slash.cpp">
      <Filter>src\Object</Filter>
    </ClCompile>
  </ItemGroup>
  <ItemGroup>
    <ClInclude Include="..\Classes\Objects.h">
      <Filter>src\Object</Filter>
    </ClInclude>
    <ClInclude Include="..\Classes\Player.h">
      <Filter>src\Object</Filter>
    </ClInclude>
    <ClInclude Include="..\Classes\AppDelegate.h" />
    <ClInclude Include="..\Classes\MiniBoss01.h" />
    <ClInclude Include="..\Classes\Model.h" />
    <ClInclude Include="..\Classes\Objects.h" />
    <ClInclude Include="..\Classes\OptionsLayer.h" />
    <ClInclude Include="..\Classes\Player.h" />
    <ClInclude Include="..\Classes\ResourceManager.h" />
    <ClInclude Include="..\Classes\ResultScene.h" />
    <ClInclude Include="..\Classes\Slash.h" />
    <ClInclude Include="..\Classes\Sound.h" />
    <ClInclude Include="..\Classes\Update.h" />
    <ClInclude Include="..\Classes\Villager.h" />
    <ClInclude Include="main.h" />
    <ClInclude Include="..\Classes\HealthBarLayer.h">
      <Filter>Layer</Filter>
    </ClInclude>
    <ClInclude Include="..\Classes\HUDLayer.h">
      <Filter>Layer</Filter>
    </ClInclude>
    <ClInclude Include="..\Classes\LoadMapScene.h">
      <Filter>Scene</Filter>
    </ClInclude>
    <ClInclude Include="..\Classes\MainMenu.h">
      <Filter>Scene</Filter>
    </ClInclude>
    <ClInclude Include="..\Classes\MiniMapLayer.h">
      <Filter>Scene</Filter>
    </ClInclude>
    <ClInclude Include="..\Classes\SneakyJoystick.h">
      <Filter>Layer</Filter>
    </ClInclude>
    <ClInclude Include="..\Classes\SneakyJoystickSkinnedBase.h">
      <Filter>Layer</Filter>
    </ClInclude>
  </ItemGroup>
  <ItemGroup>
    <ResourceCompile Include="game.rc" />
  </ItemGroup>
  <ItemGroup>
    <Filter Include="Class">
      <UniqueIdentifier>{3a098b86-b3bb-43b4-9b29-d3f92bb382da}</UniqueIdentifier>
    </Filter>
    <Filter Include="Layer">
      <UniqueIdentifier>{379ab470-4ea8-4d22-8f13-5ead7f902edd}</UniqueIdentifier>
    </Filter>
    <Filter Include="Scene">
      <UniqueIdentifier>{ce70044b-f472-4510-82e4-0e708f0f344d}</UniqueIdentifier>
    </Filter>
  </ItemGroup>
</Project>