<?xml version="1.0" encoding="utf-8"?>
<Project ToolsVersion="4.0" xmlns="http://schemas.microsoft.com/developer/msbuild/2003">
  <ItemGroup>
    <ClCompile Include="..\Classes\AppDelegate.cpp" />
    <ClCompile Include="main.cpp" />
    <ClCompile Include="..\Classes\ResultScene.cpp">
      <Filter>Scene</Filter>
    </ClCompile>
    <ClCompile Include="..\Classes\LoadMapScene.cpp">
      <Filter>Scene</Filter>
    </ClCompile>
    <ClCompile Include="..\Classes\Player.cpp">
      <Filter>Class</Filter>
    </ClCompile>
    <ClCompile Include="..\Classes\Objects.cpp">
      <Filter>Class</Filter>
    </ClCompile>
    <ClCompile Include="..\Classes\Villager.cpp">
      <Filter>Class</Filter>
    </ClCompile>
    <ClCompile Include="..\Classes\Slash.cpp">
      <Filter>Class</Filter>
    </ClCompile>
    <ClCompile Include="..\Classes\Enemy2.cpp">
      <Filter>Class</Filter>
    </ClCompile>
    <ClCompile Include="..\Classes\Enemy3.cpp">
      <Filter>Class</Filter>
    </ClCompile>
    <ClCompile Include="..\Classes\HealthBarLayer.cpp">
      <Filter>Layer</Filter>
    </ClCompile>
    <ClCompile Include="..\Classes\HUDLayer.cpp">
      <Filter>Layer</Filter>
    </ClCompile>
    <ClCompile Include="..\Classes\MainMenu.cpp">
      <Filter>Scene</Filter>
    </ClCompile>
    <ClCompile Include="..\Classes\MiniMapLayer.cpp">
      <Filter>Layer</Filter>
    </ClCompile>
    <ClCompile Include="..\Classes\SneakyJoystick.cpp">
      <Filter>Layer</Filter>
    </ClCompile>
    <ClCompile Include="..\Classes\SneakyJoystickSkinnedBase.cpp">
      <Filter>Layer</Filter>
    </ClCompile>
    <ClCompile Include="..\Classes\Model.cpp">
      <Filter>Singleton Class</Filter>
    </ClCompile>
    <ClCompile Include="..\Classes\Sound.cpp">
      <Filter>Singleton Class</Filter>
    </ClCompile>
    <ClCompile Include="..\Classes\ResourceManager.cpp">
      <Filter>Singleton Class</Filter>
    </ClCompile>
    <ClCompile Include="..\Classes\Update.cpp">
      <Filter>Singleton Class</Filter>
    </ClCompile>
    <ClCompile Include="..\Classes\MiniBoss01.cpp">
      <Filter>Class</Filter>
    </ClCompile>
    <ClCompile Include="..\Classes\Portal.cpp">
      <Filter>Class</Filter>
    </ClCompile>
    <ClCompile Include="..\Classes\CastleScene.cpp">
      <Filter>Scene</Filter>
    </ClCompile>
    <ClCompile Include="..\Classes\Boss.cpp">
      <Filter>Class</Filter>
    </ClCompile>
    <ClCompile Include="..\Classes\Enemy4.cpp">
      <Filter>Class</Filter>
    </ClCompile>
    <ClCompile Include="..\Classes\IceCastleScene.cpp">
      <Filter>Scene</Filter>
    </ClCompile>
    <ClCompile Include="..\Classes\LavaCastleScene.cpp">
      <Filter>Scene</Filter>
    </ClCompile>
    <ClCompile Include="..\Classes\BlueBoss.cpp">
      <Filter>Class</Filter>
    </ClCompile>
    <ClCompile Include="..\Classes\KnightBoss.cpp">
      <Filter>Class</Filter>
    </ClCompile>
  </ItemGroup>
  <ItemGroup>
    <ClInclude Include="..\Classes\AppDelegate.h" />
    <ClInclude Include="main.h" />
    <ClInclude Include="..\Classes\ResultScene.h">
      <Filter>Scene</Filter>
    </ClInclude>
    <ClInclude Include="..\Classes\LoadMapScene.h">
      <Filter>Scene</Filter>
    </ClInclude>
    <ClInclude Include="..\Classes\Player.h">
      <Filter>Class</Filter>
    </ClInclude>
    <ClInclude Include="..\Classes\Objects.h">
      <Filter>Class</Filter>
    </ClInclude>
    <ClInclude Include="..\Classes\Villager.h">
      <Filter>Class</Filter>
    </ClInclude>
    <ClInclude Include="..\Classes\Slash.h">
      <Filter>Class</Filter>
    </ClInclude>
    <ClInclude Include="..\Classes\Enemy2.h">
      <Filter>Class</Filter>
    </ClInclude>
    <ClInclude Include="..\Classes\Enemy3.h">
      <Filter>Class</Filter>
    </ClInclude>
    <ClInclude Include="..\Classes\HealthBarLayer.h">
      <Filter>Layer</Filter>
    </ClInclude>
    <ClInclude Include="..\Classes\HUDLayer.h">
      <Filter>Layer</Filter>
    </ClInclude>
    <ClInclude Include="..\Classes\MainMenu.h">
      <Filter>Scene</Filter>
    </ClInclude>
    <ClInclude Include="..\Classes\MiniMapLayer.h">
      <Filter>Layer</Filter>
    </ClInclude>
    <ClInclude Include="..\Classes\SneakyJoystick.h">
      <Filter>Layer</Filter>
    </ClInclude>
    <ClInclude Include="..\Classes\SneakyJoystickSkinnedBase.h">
      <Filter>Layer</Filter>
    </ClInclude>
    <ClInclude Include="..\Classes\Model.h">
      <Filter>Singleton Class</Filter>
    </ClInclude>
    <ClInclude Include="..\Classes\Sound.h">
      <Filter>Singleton Class</Filter>
    </ClInclude>
    <ClInclude Include="..\Classes\ResourceManager.h">
      <Filter>Singleton Class</Filter>
    </ClInclude>
    <ClInclude Include="..\Classes\Update.h">
      <Filter>Singleton Class</Filter>
    </ClInclude>
    <ClInclude Include="..\Classes\MiniBoss01.h">
      <Filter>Class</Filter>
    </ClInclude>
    <ClInclude Include="..\Classes\Portal.h">
      <Filter>Class</Filter>
    </ClInclude>
    <ClInclude Include="..\Classes\CastleScene.h">
      <Filter>Scene</Filter>
    </ClInclude>
    <ClInclude Include="..\Classes\Boss.h">
      <Filter>Class</Filter>
    </ClInclude>
    <ClInclude Include="..\Classes\Enemy4.h">
      <Filter>Class</Filter>
    </ClInclude>
    <ClInclude Include="..\Classes\LavaCastleScene.h">
      <Filter>Scene</Filter>
    </ClInclude>
    <ClInclude Include="..\Classes\IceCastleScene.h">
      <Filter>Scene</Filter>
    </ClInclude>
    <ClInclude Include="..\Classes\KnightBoss.h">
      <Filter>Class</Filter>
    </ClInclude>
    <ClInclude Include="..\Classes\BlueBoss.h">
      <Filter>Class</Filter>
    </ClInclude>
  </ItemGroup>
  <ItemGroup>
    <ResourceCompile Include="game.rc" />
  </ItemGroup>
  <ItemGroup>
    <Filter Include="Scene">
      <UniqueIdentifier>{84789331-15cf-455c-9e01-b11fc9c91754}</UniqueIdentifier>
    </Filter>
    <Filter Include="Class">
      <UniqueIdentifier>{e0f330de-ea81-4f9e-af1b-2eba7dd6f8bd}</UniqueIdentifier>
    </Filter>
    <Filter Include="Layer">
      <UniqueIdentifier>{0f840826-c35f-46db-bc3a-e1f308e415f1}</UniqueIdentifier>
    </Filter>
    <Filter Include="Singleton Class">
      <UniqueIdentifier>{59c23230-e693-4c8e-8bdd-20f17041fbc4}</UniqueIdentifier>
    </Filter>
  </ItemGroup>
</Project>