<?xml version="1.0" encoding="utf-8"?>
<Project ToolsVersion="4.0" xmlns="http://schemas.microsoft.com/developer/msbuild/2003">
  <ItemGroup>
    <Filter Include="win32">
      <UniqueIdentifier>{84a8ebd7-7cf0-47f6-b75e-d441df67da40}</UniqueIdentifier>
    </Filter>
    <Filter Include="resource">
      <UniqueIdentifier>{715254bc-d70b-4ec5-bf29-467dd3ace079}</UniqueIdentifier>
    </Filter>
    <Filter Include="src">
      <UniqueIdentifier>{bb6c862e-70e9-49d9-81b7-3829a6f50471}</UniqueIdentifier>
    </Filter>
    <Filter Include="src\Scene">
      <UniqueIdentifier>{f5a3c733-b510-46d0-af33-00017eb2cbcd}</UniqueIdentifier>
    </Filter>
    <Filter Include="src\Classes">
      <UniqueIdentifier>{37b8f260-14f6-4eca-b7ba-4e8b58665c41}</UniqueIdentifier>
    </Filter>
    <Filter Include="src\Layer">
      <UniqueIdentifier>{17894463-f9e7-4228-84e2-f6242aaee25e}</UniqueIdentifier>
    </Filter>
  </ItemGroup>
  <ItemGroup>
    <ClCompile Include="main.cpp">
      <Filter>win32</Filter>
    </ClCompile>
    <ClCompile Include="..\Classes\AppDelegate.cpp">
      <Filter>src</Filter>
    </ClCompile>
    <ClCompile Include="..\Classes\ResourceManager.cpp">
      <Filter>src</Filter>
    </ClCompile>
    <ClCompile Include="..\Classes\LoadMapScene.cpp">
      <Filter>src\Scene</Filter>
    </ClCompile>
    <ClCompile Include="..\Classes\Player.cpp">
      <Filter>src\Classes</Filter>
    </ClCompile>
    <ClCompile Include="..\Classes\Objects.cpp">
      <Filter>src\Classes</Filter>
    </ClCompile>
    <ClCompile Include="..\Classes\Objects.cpp">
      <Filter>src\Classes</Filter>
    </ClCompile>
    <ClCompile Include="..\Classes\Player.cpp">
      <Filter>src\Classes</Filter>
    </ClCompile>
    <ClCompile Include="..\Classes\HUDLayer.cpp">
      <Filter>src\Layer</Filter>
    </ClCompile>
    <ClCompile Include="..\Classes\SneakyJoystickSkinnedBase.cpp">
      <Filter>src\Layer</Filter>
    </ClCompile>
    <ClCompile Include="..\Classes\SneakyJoystick.cpp">
      <Filter>src\Classes</Filter>
    </ClCompile>
    <ClCompile Include="..\Classes\Model.cpp">
      <Filter>src\Classes</Filter>
    </ClCompile>
  </ItemGroup>
  <ItemGroup>
    <ClInclude Include="main.h">
      <Filter>win32</Filter>
    </ClInclude>
    <ClInclude Include="..\Classes\AppDelegate.h">
      <Filter>src</Filter>
    </ClInclude>
    <ClInclude Include="..\Classes\ResourceManager.h">
      <Filter>src</Filter>
    </ClInclude>
    <ClInclude Include="..\Classes\LoadMapScene.h">
      <Filter>src\Scene</Filter>
    </ClInclude>
    <ClInclude Include="..\Classes\Player.h">
      <Filter>src\Classes</Filter>
    </ClInclude>
    <ClInclude Include="..\Classes\Objects.h">
      <Filter>src\Classes</Filter>
    </ClInclude>
    <ClInclude Include="..\Classes\Objects.h">
      <Filter>src\Classes</Filter>
    </ClInclude>
    <ClInclude Include="..\Classes\Player.h">
      <Filter>src\Classes</Filter>
    </ClInclude>
    <ClInclude Include="..\Classes\HUDLayer.h">
      <Filter>src\Layer</Filter>
    </ClInclude>
    <ClInclude Include="..\Classes\SneakyJoystickSkinnedBase.h">
      <Filter>src\Layer</Filter>
    </ClInclude>
    <ClInclude Include="..\Classes\SneakyJoystick.h">
      <Filter>src\Classes</Filter>
    </ClInclude>
    <ClInclude Include="..\Classes\Model.h">
      <Filter>src\Classes</Filter>
    </ClInclude>
  </ItemGroup>
  <ItemGroup>
    <ResourceCompile Include="game.rc">
      <Filter>resource</Filter>
    </ResourceCompile>
  </ItemGroup>
</Project>